
Microsoft Visual Studio Solution File, Format Version 12.00
# Visual Studio Version 16
VisualStudioVersion = 16.0.29424.173
MinimumVisualStudioVersion = 10.0.40219.1
Project("{9A19103F-16F7-4668-BE54-9A1E7A4F7556}") = "BlazorServerApp", "BlazorServerApp\BlazorServerApp.csproj", "{988E4CBE-7CEF-4A3A-A359-AC0A1E8CA0DC}"
EndProject
Project("{9A19103F-16F7-4668-BE54-9A1E7A4F7556}") = "BlazorWasmApp.Server", "BlazorWasmApp\Server\BlazorWasmApp.Server.csproj", "{E4902853-D1A4-451E-85AD-9F9E3AD84318}"
EndProject
Project("{9A19103F-16F7-4668-BE54-9A1E7A4F7556}") = "BlazorWasmApp.Client", "BlazorWasmApp\Client\BlazorWasmApp.Client.csproj", "{1C51BC57-28F3-4134-97B9-8D1288FF39A0}"
EndProject
Project("{9A19103F-16F7-4668-BE54-9A1E7A4F7556}") = "BlazorWasmApp.Shared", "BlazorWasmApp\Shared\BlazorWasmApp.Shared.csproj", "{7813FC5F-7A21-4C47-82D5-1658C022983F}"
EndProject
Project("{9A19103F-16F7-4668-BE54-9A1E7A4F7556}") = "RazorClassLibrary", "RazorClassLibrary\RazorClassLibrary.csproj", "{3C178AF1-CC6E-4F8B-8E8F-BA15215973C7}"
EndProject
Global
	GlobalSection(SolutionConfigurationPlatforms) = preSolution
		Debug|Any CPU = Debug|Any CPU
		Release|Any CPU = Release|Any CPU
	EndGlobalSection
	GlobalSection(ProjectConfigurationPlatforms) = postSolution
		{988E4CBE-7CEF-4A3A-A359-AC0A1E8CA0DC}.Debug|Any CPU.ActiveCfg = Debug|Any CPU
		{988E4CBE-7CEF-4A3A-A359-AC0A1E8CA0DC}.Debug|Any CPU.Build.0 = Debug|Any CPU
		{988E4CBE-7CEF-4A3A-A359-AC0A1E8CA0DC}.Release|Any CPU.ActiveCfg = Release|Any CPU
		{988E4CBE-7CEF-4A3A-A359-AC0A1E8CA0DC}.Release|Any CPU.Build.0 = Release|Any CPU
		{E4902853-D1A4-451E-85AD-9F9E3AD84318}.Debug|Any CPU.ActiveCfg = Debug|Any CPU
		{E4902853-D1A4-451E-85AD-9F9E3AD84318}.Debug|Any CPU.Build.0 = Debug|Any CPU
		{E4902853-D1A4-451E-85AD-9F9E3AD84318}.Release|Any CPU.ActiveCfg = Release|Any CPU
		{E4902853-D1A4-451E-85AD-9F9E3AD84318}.Release|Any CPU.Build.0 = Release|Any CPU
		{1C51BC57-28F3-4134-97B9-8D1288FF39A0}.Debug|Any CPU.ActiveCfg = Debug|Any CPU
		{1C51BC57-28F3-4134-97B9-8D1288FF39A0}.Debug|Any CPU.Build.0 = Debug|Any CPU
		{1C51BC57-28F3-4134-97B9-8D1288FF39A0}.Release|Any CPU.ActiveCfg = Release|Any CPU
		{1C51BC57-28F3-4134-97B9-8D1288FF39A0}.Release|Any CPU.Build.0 = Release|Any CPU
		{7813FC5F-7A21-4C47-82D5-1658C022983F}.Debug|Any CPU.ActiveCfg = Debug|Any CPU
		{7813FC5F-7A21-4C47-82D5-1658C022983F}.Debug|Any CPU.Build.0 = Debug|Any CPU
		{7813FC5F-7A21-4C47-82D5-1658C022983F}.Release|Any CPU.ActiveCfg = Release|Any CPU
		{7813FC5F-7A21-4C47-82D5-1658C022983F}.Release|Any CPU.Build.0 = Release|Any CPU
		{3C178AF1-CC6E-4F8B-8E8F-BA15215973C7}.Debug|Any CPU.ActiveCfg = Debug|Any CPU
		{3C178AF1-CC6E-4F8B-8E8F-BA15215973C7}.Debug|Any CPU.Build.0 = Debug|Any CPU
		{3C178AF1-CC6E-4F8B-8E8F-BA15215973C7}.Release|Any CPU.ActiveCfg = Release|Any CPU
		{3C178AF1-CC6E-4F8B-8E8F-BA15215973C7}.Release|Any CPU.Build.0 = Release|Any CPU
	EndGlobalSection
	GlobalSection(SolutionProperties) = preSolution
		HideSolutionNode = FALSE
	EndGlobalSection
	GlobalSection(ExtensibilityGlobals) = postSolution
		SolutionGuid = {77CFF9C9-0143-4D19-A570-3AFD10180C48}
	EndGlobalSection
EndGlobal
